// !$*UTF8*$!
{
	archiveVersion = 1;
	classes = {
	};
	objectVersion = 55;
	objects = {

/* Begin PBXBuildFile section */
		162237C128DAC5D000D60EE0 /* Shaders.metal in Sources */ = {isa = PBXBuildFile; fileRef = 162237C028DAC5D000D60EE0 /* Shaders.metal */; };
		16B59B8128D9952A0028EF76 /* HelloTriangleApp.swift in Sources */ = {isa = PBXBuildFile; fileRef = 16B59B8028D9952A0028EF76 /* HelloTriangleApp.swift */; };
		16B59B8328D9952A0028EF76 /* ContentView.swift in Sources */ = {isa = PBXBuildFile; fileRef = 16B59B8228D9952A0028EF76 /* ContentView.swift */; };
		16B59B8528D9952D0028EF76 /* Assets.xcassets in Resources */ = {isa = PBXBuildFile; fileRef = 16B59B8428D9952D0028EF76 /* Assets.xcassets */; };
		16B59B8828D9952D0028EF76 /* Preview Assets.xcassets in Resources */ = {isa = PBXBuildFile; fileRef = 16B59B8728D9952D0028EF76 /* Preview Assets.xcassets */; };
		16B59B8F28D9960D0028EF76 /* Renderer.swift in Sources */ = {isa = PBXBuildFile; fileRef = 16B59B8E28D9960D0028EF76 /* Renderer.swift */; };
		16D70DFB28F28DB5005AF633 /* appView.swift in Sources */ = {isa = PBXBuildFile; fileRef = 16D70DFA28F28DB5005AF633 /* appView.swift */; };
		16D70DFE28F29067005AF633 /* triangleMesh.swift in Sources */ = {isa = PBXBuildFile; fileRef = 16D70DFD28F29067005AF633 /* triangleMesh.swift */; };
		16D70E0128F29BA4005AF633 /* camera.swift in Sources */ = {isa = PBXBuildFile; fileRef = 16D70E0028F29BA4005AF633 /* camera.swift */; };
		16DB4A7A28F7990B00ED8D97 /* LinearAlgebro.swift in Sources */ = {isa = PBXBuildFile; fileRef = 16DB4A7928F7990B00ED8D97 /* LinearAlgebro.swift */; };
		16EA140C2905673C00470CE5 /* cube.obj in Resources */ = {isa = PBXBuildFile; fileRef = 16EA140A2905673C00470CE5 /* cube.obj */; };
		16EA140D2905673C00470CE5 /* cube.mtl in Resources */ = {isa = PBXBuildFile; fileRef = 16EA140B2905673C00470CE5 /* cube.mtl */; };
		16EA140F290569D900470CE5 /* objMesh.swift in Sources */ = {isa = PBXBuildFile; fileRef = 16EA140E290569D900470CE5 /* objMesh.swift */; };
		16F2C51E28F5B02200CFB4B6 /* renderScene.swift in Sources */ = {isa = PBXBuildFile; fileRef = 16F2C51D28F5B02100CFB4B6 /* renderScene.swift */; };
		16F2C52028F5B08300CFB4B6 /* simpleComponent.swift in Sources */ = {isa = PBXBuildFile; fileRef = 16F2C51F28F5B08300CFB4B6 /* simpleComponent.swift */; };
/* End PBXBuildFile section */

/* Begin PBXFileReference section */
		1608B23128DAAF9B007C53D5 /* definitions.h */ = {isa = PBXFileReference; lastKnownFileType = sourcecode.c.h; path = definitions.h; sourceTree = "<group>"; };
		162237C028DAC5D000D60EE0 /* Shaders.metal */ = {isa = PBXFileReference; lastKnownFileType = sourcecode.metal; path = Shaders.metal; sourceTree = "<group>"; };
		16B59B7D28D9952A0028EF76 /* HelloTriangle.app */ = {isa = PBXFileReference; explicitFileType = wrapper.application; includeInIndex = 0; path = HelloTriangle.app; sourceTree = BUILT_PRODUCTS_DIR; };
		16B59B8028D9952A0028EF76 /* HelloTriangleApp.swift */ = {isa = PBXFileReference; lastKnownFileType = sourcecode.swift; path = HelloTriangleApp.swift; sourceTree = "<group>"; };
		16B59B8228D9952A0028EF76 /* ContentView.swift */ = {isa = PBXFileReference; lastKnownFileType = sourcecode.swift; path = ContentView.swift; sourceTree = "<group>"; };
		16B59B8428D9952D0028EF76 /* Assets.xcassets */ = {isa = PBXFileReference; lastKnownFileType = folder.assetcatalog; path = Assets.xcassets; sourceTree = "<group>"; };
		16B59B8728D9952D0028EF76 /* Preview Assets.xcassets */ = {isa = PBXFileReference; lastKnownFileType = folder.assetcatalog; path = "Preview Assets.xcassets"; sourceTree = "<group>"; };
		16B59B8E28D9960D0028EF76 /* Renderer.swift */ = {isa = PBXFileReference; lastKnownFileType = sourcecode.swift; path = Renderer.swift; sourceTree = "<group>"; };
		16D70DFA28F28DB5005AF633 /* appView.swift */ = {isa = PBXFileReference; lastKnownFileType = sourcecode.swift; path = appView.swift; sourceTree = "<group>"; };
		16D70DFD28F29067005AF633 /* triangleMesh.swift */ = {isa = PBXFileReference; lastKnownFileType = sourcecode.swift; path = triangleMesh.swift; sourceTree = "<group>"; };
		16D70E0028F29BA4005AF633 /* camera.swift */ = {isa = PBXFileReference; lastKnownFileType = sourcecode.swift; path = camera.swift; sourceTree = "<group>"; };
		16DB4A7928F7990B00ED8D97 /* LinearAlgebro.swift */ = {isa = PBXFileReference; fileEncoding = 4; lastKnownFileType = sourcecode.swift; path = LinearAlgebro.swift; sourceTree = "<group>"; };
		16EA140A2905673C00470CE5 /* cube.obj */ = {isa = PBXFileReference; fileEncoding = 4; lastKnownFileType = text; path = cube.obj; sourceTree = "<group>"; };
		16EA140B2905673C00470CE5 /* cube.mtl */ = {isa = PBXFileReference; fileEncoding = 4; lastKnownFileType = text; path = cube.mtl; sourceTree = "<group>"; };
		16EA140E290569D900470CE5 /* objMesh.swift */ = {isa = PBXFileReference; lastKnownFileType = sourcecode.swift; path = objMesh.swift; sourceTree = "<group>"; };
		16F2C51D28F5B02100CFB4B6 /* renderScene.swift */ = {isa = PBXFileReference; fileEncoding = 4; lastKnownFileType = sourcecode.swift; path = renderScene.swift; sourceTree = "<group>"; };
		16F2C51F28F5B08300CFB4B6 /* simpleComponent.swift */ = {isa = PBXFileReference; fileEncoding = 4; lastKnownFileType = sourcecode.swift; path = simpleComponent.swift; sourceTree = "<group>"; };
/* End PBXFileReference section */

/* Begin PBXFrameworksBuildPhase section */
		16B59B7A28D9952A0028EF76 /* Frameworks */ = {
			isa = PBXFrameworksBuildPhase;
			buildActionMask = 2147483647;
			files = (
			);
			runOnlyForDeploymentPostprocessing = 0;
		};
/* End PBXFrameworksBuildPhase section */

/* Begin PBXGroup section */
		16B59B7428D9952A0028EF76 = {
			isa = PBXGroup;
			children = (
				16B59B7F28D9952A0028EF76 /* HelloTriangle */,
				16B59B7E28D9952A0028EF76 /* Products */,
			);
			sourceTree = "<group>";
		};
		16B59B7E28D9952A0028EF76 /* Products */ = {
			isa = PBXGroup;
			children = (
				16B59B7D28D9952A0028EF76 /* HelloTriangle.app */,
			);
			name = Products;
			sourceTree = "<group>";
		};
		16B59B7F28D9952A0028EF76 /* HelloTriangle */ = {
			isa = PBXGroup;
			children = (
				16EA14092905673C00470CE5 /* models */,
				16DB4A7928F7990B00ED8D97 /* LinearAlgebro.swift */,
				16D70DFF28F29B8E005AF633 /* Model */,
				16D70DFC28F28E34005AF633 /* Views */,
				16B59B8028D9952A0028EF76 /* HelloTriangleApp.swift */,
				1608B23128DAAF9B007C53D5 /* definitions.h */,
				16B59B8428D9952D0028EF76 /* Assets.xcassets */,
				16B59B8628D9952D0028EF76 /* Preview Content */,
				162237C028DAC5D000D60EE0 /* Shaders.metal */,
			);
			path = HelloTriangle;
			sourceTree = "<group>";
		};
		16B59B8628D9952D0028EF76 /* Preview Content */ = {
			isa = PBXGroup;
			children = (
				16B59B8728D9952D0028EF76 /* Preview Assets.xcassets */,
			);
			path = "Preview Content";
			sourceTree = "<group>";
		};
		16D70DFC28F28E34005AF633 /* Views */ = {
			isa = PBXGroup;
			children = (
				16D70DFA28F28DB5005AF633 /* appView.swift */,
				16B59B8228D9952A0028EF76 /* ContentView.swift */,
				16D70DFD28F29067005AF633 /* triangleMesh.swift */,
				16B59B8E28D9960D0028EF76 /* Renderer.swift */,
				16EA140E290569D900470CE5 /* objMesh.swift */,
			);
			path = Views;
			sourceTree = "<group>";
		};
		16D70DFF28F29B8E005AF633 /* Model */ = {
			isa = PBXGroup;
			children = (
				16F2C51F28F5B08300CFB4B6 /* simpleComponent.swift */,
				16F2C51D28F5B02100CFB4B6 /* renderScene.swift */,
				16D70E0028F29BA4005AF633 /* camera.swift */,
			);
			path = Model;
			sourceTree = "<group>";
		};
		16EA14092905673C00470CE5 /* models */ = {
			isa = PBXGroup;
			children = (
				16EA140A2905673C00470CE5 /* cube.obj */,
				16EA140B2905673C00470CE5 /* cube.mtl */,
			);
			path = models;
			sourceTree = "<group>";
		};
/* End PBXGroup section */

/* Begin PBXNativeTarget section */
		16B59B7C28D9952A0028EF76 /* HelloTriangle */ = {
			isa = PBXNativeTarget;
			buildConfigurationList = 16B59B8B28D9952D0028EF76 /* Build configuration list for PBXNativeTarget "HelloTriangle" */;
			buildPhases = (
				16B59B7928D9952A0028EF76 /* Sources */,
				16B59B7A28D9952A0028EF76 /* Frameworks */,
				16B59B7B28D9952A0028EF76 /* Resources */,
			);
			buildRules = (
			);
			dependencies = (
			);
			name = HelloTriangle;
			productName = HelloTriangle;
			productReference = 16B59B7D28D9952A0028EF76 /* HelloTriangle.app */;
			productType = "com.apple.product-type.application";
		};
/* End PBXNativeTarget section */

/* Begin PBXProject section */
		16B59B7528D9952A0028EF76 /* Project object */ = {
			isa = PBXProject;
			attributes = {
				BuildIndependentTargetsInParallel = 1;
				LastSwiftUpdateCheck = 1340;
				LastUpgradeCheck = 1340;
				TargetAttributes = {
					16B59B7C28D9952A0028EF76 = {
						CreatedOnToolsVersion = 13.4.1;
					};
				};
			};
			buildConfigurationList = 16B59B7828D9952A0028EF76 /* Build configuration list for PBXProject "HelloTriangle" */;
			compatibilityVersion = "Xcode 13.0";
			developmentRegion = en;
			hasScannedForEncodings = 0;
			knownRegions = (
				en,
				Base,
			);
			mainGroup = 16B59B7428D9952A0028EF76;
			productRefGroup = 16B59B7E28D9952A0028EF76 /* Products */;
			projectDirPath = "";
			projectRoot = "";
			targets = (
				16B59B7C28D9952A0028EF76 /* HelloTriangle */,
			);
		};
/* End PBXProject section */

/* Begin PBXResourcesBuildPhase section */
		16B59B7B28D9952A0028EF76 /* Resources */ = {
			isa = PBXResourcesBuildPhase;
			buildActionMask = 2147483647;
			files = (
				16EA140C2905673C00470CE5 /* cube.obj in Resources */,
				16B59B8828D9952D0028EF76 /* Preview Assets.xcassets in Resources */,
				16EA140D2905673C00470CE5 /* cube.mtl in Resources */,
				16B59B8528D9952D0028EF76 /* Assets.xcassets in Resources */,
			);
			runOnlyForDeploymentPostprocessing = 0;
		};
/* End PBXResourcesBuildPhase section */

/* Begin PBXSourcesBuildPhase section */
		16B59B7928D9952A0028EF76 /* Sources */ = {
			isa = PBXSourcesBuildPhase;
			buildActionMask = 2147483647;
			files = (
				16D70DFB28F28DB5005AF633 /* appView.swift in Sources */,
				162237C128DAC5D000D60EE0 /* Shaders.metal in Sources */,
				16F2C51E28F5B02200CFB4B6 /* renderScene.swift in Sources */,
				16EA140F290569D900470CE5 /* objMesh.swift in Sources */,
				16D70DFE28F29067005AF633 /* triangleMesh.swift in Sources */,
				16B59B8328D9952A0028EF76 /* ContentView.swift in Sources */,
				16B59B8F28D9960D0028EF76 /* Renderer.swift in Sources */,
				16B59B8128D9952A0028EF76 /* HelloTriangleApp.swift in Sources */,
				16D70E0128F29BA4005AF633 /* camera.swift in Sources */,
				16F2C52028F5B08300CFB4B6 /* simpleComponent.swift in Sources */,
				16DB4A7A28F7990B00ED8D97 /* LinearAlgebro.swift in Sources */,
			);
			runOnlyForDeploymentPostprocessing = 0;
		};
/* End PBXSourcesBuildPhase section */

/* Begin XCBuildConfiguration section */
		16B59B8928D9952D0028EF76 /* Debug */ = {
			isa = XCBuildConfiguration;
			buildSettings = {
				ALWAYS_SEARCH_USER_PATHS = NO;
				CLANG_ANALYZER_NONNULL = YES;
				CLANG_ANALYZER_NUMBER_OBJECT_CONVERSION = YES_AGGRESSIVE;
				CLANG_CXX_LANGUAGE_STANDARD = "gnu++17";
				CLANG_ENABLE_MODULES = YES;
				CLANG_ENABLE_OBJC_ARC = YES;
				CLANG_ENABLE_OBJC_WEAK = YES;
				CLANG_WARN_BLOCK_CAPTURE_AUTORELEASING = YES;
				CLANG_WARN_BOOL_CONVERSION = YES;
				CLANG_WARN_COMMA = YES;
				CLANG_WARN_CONSTANT_CONVERSION = YES;
				CLANG_WARN_DEPRECATED_OBJC_IMPLEMENTATIONS = YES;
				CLANG_WARN_DIRECT_OBJC_ISA_USAGE = YES_ERROR;
				CLANG_WARN_DOCUMENTATION_COMMENTS = YES;
				CLANG_WARN_EMPTY_BODY = YES;
				CLANG_WARN_ENUM_CONVERSION = YES;
				CLANG_WARN_INFINITE_RECURSION = YES;
				CLANG_WARN_INT_CONVERSION = YES;
				CLANG_WARN_NON_LITERAL_NULL_CONVERSION = YES;
				CLANG_WARN_OBJC_IMPLICIT_RETAIN_SELF = YES;
				CLANG_WARN_OBJC_LITERAL_CONVERSION = YES;
				CLANG_WARN_OBJC_ROOT_CLASS = YES_ERROR;
				CLANG_WARN_QUOTED_INCLUDE_IN_FRAMEWORK_HEADER = YES;
				CLANG_WARN_RANGE_LOOP_ANALYSIS = YES;
				CLANG_WARN_STRICT_PROTOTYPES = YES;
				CLANG_WARN_SUSPICIOUS_MOVE = YES;
				CLANG_WARN_UNGUARDED_AVAILABILITY = YES_AGGRESSIVE;
				CLANG_WARN_UNREACHABLE_CODE = YES;
				CLANG_WARN__DUPLICATE_METHOD_MATCH = YES;
				COPY_PHASE_STRIP = NO;
				DEBUG_INFORMATION_FORMAT = dwarf;
				ENABLE_STRICT_OBJC_MSGSEND = YES;
				ENABLE_TESTABILITY = YES;
				GCC_C_LANGUAGE_STANDARD = gnu11;
				GCC_DYNAMIC_NO_PIC = NO;
				GCC_NO_COMMON_BLOCKS = YES;
				GCC_OPTIMIZATION_LEVEL = 0;
				GCC_PREPROCESSOR_DEFINITIONS = (
					"DEBUG=1",
					"$(inherited)",
				);
				GCC_WARN_64_TO_32_BIT_CONVERSION = YES;
				GCC_WARN_ABOUT_RETURN_TYPE = YES_ERROR;
				GCC_WARN_UNDECLARED_SELECTOR = YES;
				GCC_WARN_UNINITIALIZED_AUTOS = YES_AGGRESSIVE;
				GCC_WARN_UNUSED_FUNCTION = YES;
				GCC_WARN_UNUSED_VARIABLE = YES;
				IPHONEOS_DEPLOYMENT_TARGET = 15.5;
				MTL_ENABLE_DEBUG_INFO = INCLUDE_SOURCE;
				MTL_FAST_MATH = YES;
				ONLY_ACTIVE_ARCH = YES;
				SDKROOT = iphoneos;
				SWIFT_ACTIVE_COMPILATION_CONDITIONS = DEBUG;
				SWIFT_OPTIMIZATION_LEVEL = "-Onone";
			};
			name = Debug;
		};
		16B59B8A28D9952D0028EF76 /* Release */ = {
			isa = XCBuildConfiguration;
			buildSettings = {
				ALWAYS_SEARCH_USER_PATHS = NO;
				CLANG_ANALYZER_NONNULL = YES;
				CLANG_ANALYZER_NUMBER_OBJECT_CONVERSION = YES_AGGRESSIVE;
				CLANG_CXX_LANGUAGE_STANDARD = "gnu++17";
				CLANG_ENABLE_MODULES = YES;
				CLANG_ENABLE_OBJC_ARC = YES;
				CLANG_ENABLE_OBJC_WEAK = YES;
				CLANG_WARN_BLOCK_CAPTURE_AUTORELEASING = YES;
				CLANG_WARN_BOOL_CONVERSION = YES;
				CLANG_WARN_COMMA = YES;
				CLANG_WARN_CONSTANT_CONVERSION = YES;
				CLANG_WARN_DEPRECATED_OBJC_IMPLEMENTATIONS = YES;
				CLANG_WARN_DIRECT_OBJC_ISA_USAGE = YES_ERROR;
				CLANG_WARN_DOCUMENTATION_COMMENTS = YES;
				CLANG_WARN_EMPTY_BODY = YES;
				CLANG_WARN_ENUM_CONVERSION = YES;
				CLANG_WARN_INFINITE_RECURSION = YES;
				CLANG_WARN_INT_CONVERSION = YES;
				CLANG_WARN_NON_LITERAL_NULL_CONVERSION = YES;
				CLANG_WARN_OBJC_IMPLICIT_RETAIN_SELF = YES;
				CLANG_WARN_OBJC_LITERAL_CONVERSION = YES;
				CLANG_WARN_OBJC_ROOT_CLASS = YES_ERROR;
				CLANG_WARN_QUOTED_INCLUDE_IN_FRAMEWORK_HEADER = YES;
				CLANG_WARN_RANGE_LOOP_ANALYSIS = YES;
				CLANG_WARN_STRICT_PROTOTYPES = YES;
				CLANG_WARN_SUSPICIOUS_MOVE = YES;
				CLANG_WARN_UNGUARDED_AVAILABILITY = YES_AGGRESSIVE;
				CLANG_WARN_UNREACHABLE_CODE = YES;
				CLANG_WARN__DUPLICATE_METHOD_MATCH = YES;
				COPY_PHASE_STRIP = NO;
				DEBUG_INFORMATION_FORMAT = "dwarf-with-dsym";
				ENABLE_NS_ASSERTIONS = NO;
				ENABLE_STRICT_OBJC_MSGSEND = YES;
				GCC_C_LANGUAGE_STANDARD = gnu11;
				GCC_NO_COMMON_BLOCKS = YES;
				GCC_WARN_64_TO_32_BIT_CONVERSION = YES;
				GCC_WARN_ABOUT_RETURN_TYPE = YES_ERROR;
				GCC_WARN_UNDECLARED_SELECTOR = YES;
				GCC_WARN_UNINITIALIZED_AUTOS = YES_AGGRESSIVE;
				GCC_WARN_UNUSED_FUNCTION = YES;
				GCC_WARN_UNUSED_VARIABLE = YES;
				IPHONEOS_DEPLOYMENT_TARGET = 15.5;
				MTL_ENABLE_DEBUG_INFO = NO;
				MTL_FAST_MATH = YES;
				SDKROOT = iphoneos;
				SWIFT_COMPILATION_MODE = wholemodule;
				SWIFT_OPTIMIZATION_LEVEL = "-O";
				VALIDATE_PRODUCT = YES;
			};
			name = Release;
		};
		16B59B8C28D9952D0028EF76 /* Debug */ = {
			isa = XCBuildConfiguration;
			buildSettings = {
				ASSETCATALOG_COMPILER_APPICON_NAME = AppIcon;
				ASSETCATALOG_COMPILER_GLOBAL_ACCENT_COLOR_NAME = AccentColor;
				CODE_SIGN_STYLE = Automatic;
				CURRENT_PROJECT_VERSION = 1;
				DEVELOPMENT_ASSET_PATHS = "\"HelloTriangle/Preview Content\"";
				DEVELOPMENT_TEAM = YH2L94SFDJ;
				ENABLE_PREVIEWS = YES;
				GENERATE_INFOPLIST_FILE = YES;
				INFOPLIST_KEY_UIApplicationSceneManifest_Generation = YES;
				INFOPLIST_KEY_UIApplicationSupportsIndirectInputEvents = YES;
				INFOPLIST_KEY_UILaunchScreen_Generation = YES;
				INFOPLIST_KEY_UISupportedInterfaceOrientations_iPad = "UIInterfaceOrientationPortrait UIInterfaceOrientationPortraitUpsideDown UIInterfaceOrientationLandscapeLeft UIInterfaceOrientationLandscapeRight";
				INFOPLIST_KEY_UISupportedInterfaceOrientations_iPhone = "UIInterfaceOrientationPortrait UIInterfaceOrientationLandscapeLeft UIInterfaceOrientationLandscapeRight";
				LD_RUNPATH_SEARCH_PATHS = (
					"$(inherited)",
					"@executable_path/Frameworks",
				);
				MARKETING_VERSION = 1.0;
				PRODUCT_BUNDLE_IDENTIFIER = com.sanctuaryofdarkness.HelloTriangle;
				PRODUCT_NAME = "$(TARGET_NAME)";
				SWIFT_EMIT_LOC_STRINGS = YES;
				SWIFT_OBJC_BRIDGING_HEADER = HelloTriangle/definitions.h;
				SWIFT_VERSION = 5.0;
				TARGETED_DEVICE_FAMILY = "1,2";
			};
			name = Debug;
		};
		16B59B8D28D9952D0028EF76 /* Release */ = {
			isa = XCBuildConfiguration;
			buildSettings = {
				ASSETCATALOG_COMPILER_APPICON_NAME = AppIcon;
				ASSETCATALOG_COMPILER_GLOBAL_ACCENT_COLOR_NAME = AccentColor;
				CODE_SIGN_STYLE = Automatic;
				CURRENT_PROJECT_VERSION = 1;
				DEVELOPMENT_ASSET_PATHS = "\"HelloTriangle/Preview Content\"";
				DEVELOPMENT_TEAM = YH2L94SFDJ;
				ENABLE_PREVIEWS = YES;
				GENERATE_INFOPLIST_FILE = YES;
				INFOPLIST_KEY_UIApplicationSceneManifest_Generation = YES;
				INFOPLIST_KEY_UIApplicationSupportsIndirectInputEvents = YES;
				INFOPLIST_KEY_UILaunchScreen_Generation = YES;
				INFOPLIST_KEY_UISupportedInterfaceOrientations_iPad = "UIInterfaceOrientationPortrait UIInterfaceOrientationPortraitUpsideDown UIInterfaceOrientationLandscapeLeft UIInterfaceOrientationLandscapeRight";
				INFOPLIST_KEY_UISupportedInterfaceOrientations_iPhone = "UIInterfaceOrientationPortrait UIInterfaceOrientationLandscapeLeft UIInterfaceOrientationLandscapeRight";
				LD_RUNPATH_SEARCH_PATHS = (
					"$(inherited)",
					"@executable_path/Frameworks",
				);
				MARKETING_VERSION = 1.0;
				PRODUCT_BUNDLE_IDENTIFIER = com.sanctuaryofdarkness.HelloTriangle;
				PRODUCT_NAME = "$(TARGET_NAME)";
				SWIFT_EMIT_LOC_STRINGS = YES;
				SWIFT_OBJC_BRIDGING_HEADER = HelloTriangle/definitions.h;
				SWIFT_VERSION = 5.0;
				TARGETED_DEVICE_FAMILY = "1,2";
			};
			name = Release;
		};
/* End XCBuildConfiguration section */

/* Begin XCConfigurationList section */
		16B59B7828D9952A0028EF76 /* Build configuration list for PBXProject "HelloTriangle" */ = {
			isa = XCConfigurationList;
			buildConfigurations = (
				16B59B8928D9952D0028EF76 /* Debug */,
				16B59B8A28D9952D0028EF76 /* Release */,
			);
			defaultConfigurationIsVisible = 0;
			defaultConfigurationName = Release;
		};
		16B59B8B28D9952D0028EF76 /* Build configuration list for PBXNativeTarget "HelloTriangle" */ = {
			isa = XCConfigurationList;
			buildConfigurations = (
				16B59B8C28D9952D0028EF76 /* Debug */,
				16B59B8D28D9952D0028EF76 /* Release */,
			);
			defaultConfigurationIsVisible = 0;
			defaultConfigurationName = Release;
		};
/* End XCConfigurationList section */
	};
	rootObject = 16B59B7528D9952A0028EF76 /* Project object */;
}
